
Microsoft Visual Studio Solution File, Format Version 12.00
# Visual Studio Version 17
VisualStudioVersion = 17.9.34723.18
MinimumVisualStudioVersion = 10.0.40219.1
Project("{FAE04EC0-301F-11D3-BF4B-00C04F79EFBC}") = "ApDung2", "ApDung2\ApDung2.csproj", "{8A240D94-1510-4178-A57A-3378CDF2D50A}"
EndProject
Global
	GlobalSection(SolutionConfigurationPlatforms) = preSolution
		Debug|Any CPU = Debug|Any CPU
		Release|Any CPU = Release|Any CPU
	EndGlobalSection
	GlobalSection(ProjectConfigurationPlatforms) = postSolution
		{8A240D94-1510-4178-A57A-3378CDF2D50A}.Debug|Any CPU.ActiveCfg = Debug|Any CPU
		{8A240D94-1510-4178-A57A-3378CDF2D50A}.Debug|Any CPU.Build.0 = Debug|Any CPU
		{8A240D94-1510-4178-A57A-3378CDF2D50A}.Release|Any CPU.ActiveCfg = Release|Any CPU
		{8A240D94-1510-4178-A57A-3378CDF2D50A}.Release|Any CPU.Build.0 = Release|Any CPU
	EndGlobalSection
	GlobalSection(SolutionProperties) = preSolution
		HideSolutionNode = FALSE
	EndGlobalSection
	GlobalSection(ExtensibilityGlobals) = postSolution
		SolutionGuid = {5EB8786D-CB98-471E-9E6C-9EDB21BA255F}
	EndGlobalSection
EndGlobal
